
Microsoft Visual Studio Solution File, Format Version 12.00
# Visual Studio Version 16
VisualStudioVersion = 16.0.31205.134
MinimumVisualStudioVersion = 10.0.40219.1
Project("{FAE04EC0-301F-11D3-BF4B-00C04F79EFBC}") = "Lista01Exercicio06", "Lista01Exercicio06\Lista01Exercicio06.csproj", "{9C5C3573-2903-4996-AB74-D27080150FCD}"
EndProject
Global
	GlobalSection(SolutionConfigurationPlatforms) = preSolution
		Debug|Any CPU = Debug|Any CPU
		Release|Any CPU = Release|Any CPU
	EndGlobalSection
	GlobalSection(ProjectConfigurationPlatforms) = postSolution
		{9C5C3573-2903-4996-AB74-D27080150FCD}.Debug|Any CPU.ActiveCfg = Debug|Any CPU
		{9C5C3573-2903-4996-AB74-D27080150FCD}.Debug|Any CPU.Build.0 = Debug|Any CPU
		{9C5C3573-2903-4996-AB74-D27080150FCD}.Release|Any CPU.ActiveCfg = Release|Any CPU
		{9C5C3573-2903-4996-AB74-D27080150FCD}.Release|Any CPU.Build.0 = Release|Any CPU
	EndGlobalSection
	GlobalSection(SolutionProperties) = preSolution
		HideSolutionNode = FALSE
	EndGlobalSection
	GlobalSection(ExtensibilityGlobals) = postSolution
		SolutionGuid = {B76A8FF1-8370-4DA6-8949-872B71EE8D80}
	EndGlobalSection
EndGlobal
